
Microsoft Visual Studio Solution File, Format Version 12.00
# Visual Studio Version 16
VisualStudioVersion = 16.0.31729.503
MinimumVisualStudioVersion = 10.0.40219.1
Project("{FAE04EC0-301F-11D3-BF4B-00C04F79EFBC}") = "ULinker", "ULinker\ULinker.csproj", "{375C5417-CEAF-4423-9BA2-5634635F56FD}"
EndProject
Project("{FAE04EC0-301F-11D3-BF4B-00C04F79EFBC}") = "Test", "Test\Test.csproj", "{BAAE3B91-AF56-4E14-BF81-A9A10BF21A50}"
EndProject
Global
	GlobalSection(SolutionConfigurationPlatforms) = preSolution
		Debug|Any CPU = Debug|Any CPU
		Release|Any CPU = Release|Any CPU
	EndGlobalSection
	GlobalSection(ProjectConfigurationPlatforms) = postSolution
		{375C5417-CEAF-4423-9BA2-5634635F56FD}.Debug|Any CPU.ActiveCfg = Debug|Any CPU
		{375C5417-CEAF-4423-9BA2-5634635F56FD}.Debug|Any CPU.Build.0 = Debug|Any CPU
		{375C5417-CEAF-4423-9BA2-5634635F56FD}.Release|Any CPU.ActiveCfg = Release|Any CPU
		{375C5417-CEAF-4423-9BA2-5634635F56FD}.Release|Any CPU.Build.0 = Release|Any CPU
		{BAAE3B91-AF56-4E14-BF81-A9A10BF21A50}.Debug|Any CPU.ActiveCfg = Debug|Any CPU
		{BAAE3B91-AF56-4E14-BF81-A9A10BF21A50}.Debug|Any CPU.Build.0 = Debug|Any CPU
		{BAAE3B91-AF56-4E14-BF81-A9A10BF21A50}.Release|Any CPU.ActiveCfg = Release|Any CPU
		{BAAE3B91-AF56-4E14-BF81-A9A10BF21A50}.Release|Any CPU.Build.0 = Release|Any CPU
	EndGlobalSection
	GlobalSection(SolutionProperties) = preSolution
		HideSolutionNode = FALSE
	EndGlobalSection
	GlobalSection(ExtensibilityGlobals) = postSolution
		SolutionGuid = {634FB833-4F21-441F-99CA-1D7D8695A1FB}
	EndGlobalSection
EndGlobal
